
Microsoft Visual Studio Solution File, Format Version 12.00
# Visual Studio Version 16
VisualStudioVersion = 16.0.35826.135
MinimumVisualStudioVersion = 10.0.40219.1
Project("{FAE04EC0-301F-11D3-BF4B-00C04F79EFBC}") = "OtelOtomosyonu", "OtelOtomosyonu\OtelOtomosyonu.csproj", "{6A3FC9EC-2B4B-431D-86C0-8C1A7197F72A}"
EndProject
Global
	GlobalSection(SolutionConfigurationPlatforms) = preSolution
		Debug|Any CPU = Debug|Any CPU
		Release|Any CPU = Release|Any CPU
	EndGlobalSection
	GlobalSection(ProjectConfigurationPlatforms) = postSolution
		{6A3FC9EC-2B4B-431D-86C0-8C1A7197F72A}.Debug|Any CPU.ActiveCfg = Debug|Any CPU
		{6A3FC9EC-2B4B-431D-86C0-8C1A7197F72A}.Debug|Any CPU.Build.0 = Debug|Any CPU
		{6A3FC9EC-2B4B-431D-86C0-8C1A7197F72A}.Release|Any CPU.ActiveCfg = Release|Any CPU
		{6A3FC9EC-2B4B-431D-86C0-8C1A7197F72A}.Release|Any CPU.Build.0 = Release|Any CPU
	EndGlobalSection
	GlobalSection(SolutionProperties) = preSolution
		HideSolutionNode = FALSE
	EndGlobalSection
	GlobalSection(ExtensibilityGlobals) = postSolution
		SolutionGuid = {51B5E2AC-F9AB-48D5-8148-4C6D6F54894D}
	EndGlobalSection
EndGlobal
